
Microsoft Visual Studio Solution File, Format Version 12.00
# Visual Studio Version 16
VisualStudioVersion = 25.0.1706.5
MinimumVisualStudioVersion = 10.0.40219.1
Project("{FAE04EC0-301F-11D3-BF4B-00C04F79EFBC}") = "fileDownloadClient", "fileDownloadClient.csproj", "{35628D95-6599-4B5B-A4A5-6B7B11B4A905}"
EndProject
Global
	GlobalSection(SolutionConfigurationPlatforms) = preSolution
		Debug|Any CPU = Debug|Any CPU
		Release|Any CPU = Release|Any CPU
	EndGlobalSection
	GlobalSection(ProjectConfigurationPlatforms) = postSolution
		{35628D95-6599-4B5B-A4A5-6B7B11B4A905}.Debug|Any CPU.ActiveCfg = Debug|Any CPU
		{35628D95-6599-4B5B-A4A5-6B7B11B4A905}.Debug|Any CPU.Build.0 = Debug|Any CPU
		{35628D95-6599-4B5B-A4A5-6B7B11B4A905}.Release|Any CPU.ActiveCfg = Release|Any CPU
		{35628D95-6599-4B5B-A4A5-6B7B11B4A905}.Release|Any CPU.Build.0 = Release|Any CPU
	EndGlobalSection
	GlobalSection(SolutionProperties) = preSolution
		HideSolutionNode = FALSE
	EndGlobalSection
	GlobalSection(ExtensibilityGlobals) = postSolution
		SolutionGuid = {58B5159F-54E2-4FFB-A463-028DE4D17725}
	EndGlobalSection
EndGlobal
